
Microsoft Visual Studio Solution File, Format Version 12.00
# Visual Studio Version 17
VisualStudioVersion = 17.10.35013.160
MinimumVisualStudioVersion = 10.0.40219.1
Project("{FAE04EC0-301F-11D3-BF4B-00C04F79EFBC}") = "LinkedOutClient", "LinkedOutClient\LinkedOutClient.csproj", "{622B1E8E-2F75-44F3-95CE-5D33B1459736}"
EndProject
Global
	GlobalSection(SolutionConfigurationPlatforms) = preSolution
		Debug|Any CPU = Debug|Any CPU
		Release|Any CPU = Release|Any CPU
	EndGlobalSection
	GlobalSection(ProjectConfigurationPlatforms) = postSolution
		{622B1E8E-2F75-44F3-95CE-5D33B1459736}.Debug|Any CPU.ActiveCfg = Debug|Any CPU
		{622B1E8E-2F75-44F3-95CE-5D33B1459736}.Debug|Any CPU.Build.0 = Debug|Any CPU
		{622B1E8E-2F75-44F3-95CE-5D33B1459736}.Release|Any CPU.ActiveCfg = Release|Any CPU
		{622B1E8E-2F75-44F3-95CE-5D33B1459736}.Release|Any CPU.Build.0 = Release|Any CPU
	EndGlobalSection
	GlobalSection(SolutionProperties) = preSolution
		HideSolutionNode = FALSE
	EndGlobalSection
	GlobalSection(ExtensibilityGlobals) = postSolution
		SolutionGuid = {E2ED24D7-3C77-402D-BCF2-3B056386773C}
	EndGlobalSection
EndGlobal
